PODS:
  - Flutter (1.0.0)
  - flutter_microsoft_authentication (0.0.3):
    - Flutter
    - MSAL (~> 1.0.3)
  - MSAL (1.0.3):
    - MSAL/app-lib (= 1.0.3)
  - MSAL/app-lib (1.0.3)

DEPENDENCIES:
  - Flutter (from `Flutter`)
  - flutter_microsoft_authentication (from `.symlinks/plugins/flutter_microsoft_authentication/ios`)

SPEC REPOS:
  trunk:
    - MSAL

EXTERNAL SOURCES:
  Flutter:
    :path: Flutter
  flutter_microsoft_authentication:
    :path: ".symlinks/plugins/flutter_microsoft_authentication/ios"

SPEC CHECKSUMS:
  Flutter: 434fef37c0980e73bb6479ef766c45957d4b510c
  flutter_microsoft_authentication: 121074a9b2f1babd8a335043111eb05820f1b6ac
  MSAL: 351711995bd31170a2e887941115a3ed17b178e8

PODFILE CHECKSUM: aafe91acc616949ddb318b77800a7f51bffa2a4c

COCOAPODS: 1.10.0
